
Microsoft Visual Studio Solution File, Format Version 12.00
# Visual Studio Version 17
VisualStudioVersion = 17.8.34511.84
MinimumVisualStudioVersion = 10.0.40219.1
Project("{FAE04EC0-301F-11D3-BF4B-00C04F79EFBC}") = "Simulare", "Simulare\Simulare.csproj", "{32793E17-6DEA-4ADE-AB0F-7AB84E70E8B8}"
EndProject
Global
	GlobalSection(SolutionConfigurationPlatforms) = preSolution
		Debug|Any CPU = Debug|Any CPU
		Release|Any CPU = Release|Any CPU
	EndGlobalSection
	GlobalSection(ProjectConfigurationPlatforms) = postSolution
		{32793E17-6DEA-4ADE-AB0F-7AB84E70E8B8}.Debug|Any CPU.ActiveCfg = Debug|Any CPU
		{32793E17-6DEA-4ADE-AB0F-7AB84E70E8B8}.Debug|Any CPU.Build.0 = Debug|Any CPU
		{32793E17-6DEA-4ADE-AB0F-7AB84E70E8B8}.Release|Any CPU.ActiveCfg = Release|Any CPU
		{32793E17-6DEA-4ADE-AB0F-7AB84E70E8B8}.Release|Any CPU.Build.0 = Release|Any CPU
	EndGlobalSection
	GlobalSection(SolutionProperties) = preSolution
		HideSolutionNode = FALSE
	EndGlobalSection
	GlobalSection(ExtensibilityGlobals) = postSolution
		SolutionGuid = {D3E72E29-8B81-479C-B8F8-76D03664E59D}
	EndGlobalSection
EndGlobal
